
Microsoft Visual Studio Solution File, Format Version 12.00
# Visual Studio Version 16
VisualStudioVersion = 16.0.31112.23
MinimumVisualStudioVersion = 10.0.40219.1
Project("{FAE04EC0-301F-11D3-BF4B-00C04F79EFBC}") = "SkyVisionChurch", "SkyVisionChurch\SkyVisionChurch.csproj", "{51CCB0AF-EF0F-45F6-964A-BD7FD728C782}"
EndProject
Global
	GlobalSection(SolutionConfigurationPlatforms) = preSolution
		Debug|Any CPU = Debug|Any CPU
		Release|Any CPU = Release|Any CPU
	EndGlobalSection
	GlobalSection(ProjectConfigurationPlatforms) = postSolution
		{51CCB0AF-EF0F-45F6-964A-BD7FD728C782}.Debug|Any CPU.ActiveCfg = Debug|Any CPU
		{51CCB0AF-EF0F-45F6-964A-BD7FD728C782}.Debug|Any CPU.Build.0 = Debug|Any CPU
		{51CCB0AF-EF0F-45F6-964A-BD7FD728C782}.Release|Any CPU.ActiveCfg = Release|Any CPU
		{51CCB0AF-EF0F-45F6-964A-BD7FD728C782}.Release|Any CPU.Build.0 = Release|Any CPU
	EndGlobalSection
	GlobalSection(SolutionProperties) = preSolution
		HideSolutionNode = FALSE
	EndGlobalSection
	GlobalSection(ExtensibilityGlobals) = postSolution
		SolutionGuid = {18CAA45B-E4C5-413C-BC53-F8780507A91A}
	EndGlobalSection
EndGlobal
